
Microsoft Visual Studio Solution File, Format Version 12.00
# Visual Studio 15
VisualStudioVersion = 15.0.28307.1145
MinimumVisualStudioVersion = 10.0.40219.1
Project("{2150E333-8FDC-42A3-9474-1A3956D46DE8}") = "FONTEND", "FONTEND", "{F1D94E37-0EFF-40B8-84B5-27DBF1B808FD}"
EndProject
Project("{2150E333-8FDC-42A3-9474-1A3956D46DE8}") = "BACKEND", "BACKEND", "{0C61A2E4-A4AC-45AA-B4DC-62ACFD42475C}"
EndProject
Project("{FAE04EC0-301F-11D3-BF4B-00C04F79EFBC}") = "Business.Entities", "BACKEND\Business\Business.Entities\Business.Entities.csproj", "{EDB15BBA-07D6-41CF-A37E-ADB0B3D98387}"
EndProject
Project("{FAE04EC0-301F-11D3-BF4B-00C04F79EFBC}") = "Business.Services", "BACKEND\Business\Business.Services\Business.Services.csproj", "{DACBBA5F-01FA-4876-8FC7-6A79750FF4E8}"
	ProjectSection(ProjectDependencies) = postProject
		{EDB15BBA-07D6-41CF-A37E-ADB0B3D98387} = {EDB15BBA-07D6-41CF-A37E-ADB0B3D98387}
		{1F772ADD-FBAB-4C34-B98E-CFCB3DE7D265} = {1F772ADD-FBAB-4C34-B98E-CFCB3DE7D265}
	EndProjectSection
EndProject
Project("{FAE04EC0-301F-11D3-BF4B-00C04F79EFBC}") = "Core.Common", "BACKEND\Core\Core.Common\Core.Common.csproj", "{1F772ADD-FBAB-4C34-B98E-CFCB3DE7D265}"
EndProject
Project("{FAE04EC0-301F-11D3-BF4B-00C04F79EFBC}") = "Data.Core", "BACKEND\DataAccess\Data.Core\Data.Core.csproj", "{A736D045-DEF0-4249-BF98-8C9D0B495942}"
	ProjectSection(ProjectDependencies) = postProject
		{EDB15BBA-07D6-41CF-A37E-ADB0B3D98387} = {EDB15BBA-07D6-41CF-A37E-ADB0B3D98387}
	EndProjectSection
EndProject
Project("{FAE04EC0-301F-11D3-BF4B-00C04F79EFBC}") = "Host.WcfService", "BACKEND\Host\Host.WcfService\Host.WcfService.csproj", "{B7541DE9-A732-43F7-9165-EF5B3CE2AC6C}"
	ProjectSection(ProjectDependencies) = postProject
		{DACBBA5F-01FA-4876-8FC7-6A79750FF4E8} = {DACBBA5F-01FA-4876-8FC7-6A79750FF4E8}
		{EDB15BBA-07D6-41CF-A37E-ADB0B3D98387} = {EDB15BBA-07D6-41CF-A37E-ADB0B3D98387}
		{1F772ADD-FBAB-4C34-B98E-CFCB3DE7D265} = {1F772ADD-FBAB-4C34-B98E-CFCB3DE7D265}
	EndProjectSection
EndProject
Project("{2150E333-8FDC-42A3-9474-1A3956D46DE8}") = "Core", "Core", "{186A42FF-BDA2-45FB-A534-EAEB724F4DA1}"
EndProject
Project("{FAE04EC0-301F-11D3-BF4B-00C04F79EFBC}") = "Module.Framework", "BACKEND\Core\Module.Framework\Module.Framework.csproj", "{9E68F709-5123-430D-9C24-D122E25AABCE}"
EndProject
Project("{FAE04EC0-301F-11D3-BF4B-00C04F79EFBC}") = "CMS.Admin", "CMS.Admin\CMS.Admin.csproj", "{B1D0AB1A-180F-4557-809F-F8FA5869160C}"
EndProject
Global
	GlobalSection(SolutionConfigurationPlatforms) = preSolution
		Debug|Any CPU = Debug|Any CPU
		Release|Any CPU = Release|Any CPU
	EndGlobalSection
	GlobalSection(ProjectConfigurationPlatforms) = postSolution
		{EDB15BBA-07D6-41CF-A37E-ADB0B3D98387}.Debug|Any CPU.ActiveCfg = Debug|Any CPU
		{EDB15BBA-07D6-41CF-A37E-ADB0B3D98387}.Debug|Any CPU.Build.0 = Debug|Any CPU
		{EDB15BBA-07D6-41CF-A37E-ADB0B3D98387}.Release|Any CPU.ActiveCfg = Release|Any CPU
		{EDB15BBA-07D6-41CF-A37E-ADB0B3D98387}.Release|Any CPU.Build.0 = Release|Any CPU
		{DACBBA5F-01FA-4876-8FC7-6A79750FF4E8}.Debug|Any CPU.ActiveCfg = Debug|Any CPU
		{DACBBA5F-01FA-4876-8FC7-6A79750FF4E8}.Debug|Any CPU.Build.0 = Debug|Any CPU
		{DACBBA5F-01FA-4876-8FC7-6A79750FF4E8}.Release|Any CPU.ActiveCfg = Release|Any CPU
		{DACBBA5F-01FA-4876-8FC7-6A79750FF4E8}.Release|Any CPU.Build.0 = Release|Any CPU
		{1F772ADD-FBAB-4C34-B98E-CFCB3DE7D265}.Debug|Any CPU.ActiveCfg = Debug|Any CPU
		{1F772ADD-FBAB-4C34-B98E-CFCB3DE7D265}.Debug|Any CPU.Build.0 = Debug|Any CPU
		{1F772ADD-FBAB-4C34-B98E-CFCB3DE7D265}.Release|Any CPU.ActiveCfg = Release|Any CPU
		{1F772ADD-FBAB-4C34-B98E-CFCB3DE7D265}.Release|Any CPU.Build.0 = Release|Any CPU
		{A736D045-DEF0-4249-BF98-8C9D0B495942}.Debug|Any CPU.ActiveCfg = Debug|Any CPU
		{A736D045-DEF0-4249-BF98-8C9D0B495942}.Debug|Any CPU.Build.0 = Debug|Any CPU
		{A736D045-DEF0-4249-BF98-8C9D0B495942}.Release|Any CPU.ActiveCfg = Release|Any CPU
		{A736D045-DEF0-4249-BF98-8C9D0B495942}.Release|Any CPU.Build.0 = Release|Any CPU
		{B7541DE9-A732-43F7-9165-EF5B3CE2AC6C}.Debug|Any CPU.ActiveCfg = Debug|Any CPU
		{B7541DE9-A732-43F7-9165-EF5B3CE2AC6C}.Debug|Any CPU.Build.0 = Debug|Any CPU
		{B7541DE9-A732-43F7-9165-EF5B3CE2AC6C}.Release|Any CPU.ActiveCfg = Release|Any CPU
		{B7541DE9-A732-43F7-9165-EF5B3CE2AC6C}.Release|Any CPU.Build.0 = Release|Any CPU
		{9E68F709-5123-430D-9C24-D122E25AABCE}.Debug|Any CPU.ActiveCfg = Debug|Any CPU
		{9E68F709-5123-430D-9C24-D122E25AABCE}.Debug|Any CPU.Build.0 = Debug|Any CPU
		{9E68F709-5123-430D-9C24-D122E25AABCE}.Release|Any CPU.ActiveCfg = Release|Any CPU
		{9E68F709-5123-430D-9C24-D122E25AABCE}.Release|Any CPU.Build.0 = Release|Any CPU
		{B1D0AB1A-180F-4557-809F-F8FA5869160C}.Debug|Any CPU.ActiveCfg = Debug|Any CPU
		{B1D0AB1A-180F-4557-809F-F8FA5869160C}.Debug|Any CPU.Build.0 = Debug|Any CPU
		{B1D0AB1A-180F-4557-809F-F8FA5869160C}.Release|Any CPU.ActiveCfg = Release|Any CPU
		{B1D0AB1A-180F-4557-809F-F8FA5869160C}.Release|Any CPU.Build.0 = Release|Any CPU
	EndGlobalSection
	GlobalSection(SolutionProperties) = preSolution
		HideSolutionNode = FALSE
	EndGlobalSection
	GlobalSection(NestedProjects) = preSolution
		{EDB15BBA-07D6-41CF-A37E-ADB0B3D98387} = {0C61A2E4-A4AC-45AA-B4DC-62ACFD42475C}
		{DACBBA5F-01FA-4876-8FC7-6A79750FF4E8} = {0C61A2E4-A4AC-45AA-B4DC-62ACFD42475C}
		{1F772ADD-FBAB-4C34-B98E-CFCB3DE7D265} = {186A42FF-BDA2-45FB-A534-EAEB724F4DA1}
		{A736D045-DEF0-4249-BF98-8C9D0B495942} = {0C61A2E4-A4AC-45AA-B4DC-62ACFD42475C}
		{B7541DE9-A732-43F7-9165-EF5B3CE2AC6C} = {0C61A2E4-A4AC-45AA-B4DC-62ACFD42475C}
		{9E68F709-5123-430D-9C24-D122E25AABCE} = {186A42FF-BDA2-45FB-A534-EAEB724F4DA1}
		{B1D0AB1A-180F-4557-809F-F8FA5869160C} = {F1D94E37-0EFF-40B8-84B5-27DBF1B808FD}
	EndGlobalSection
	GlobalSection(ExtensibilityGlobals) = postSolution
		SolutionGuid = {B19A9611-1DEC-470B-9CD6-36549C3A0E0A}
	EndGlobalSection
EndGlobal
